
Microsoft Visual Studio Solution File, Format Version 12.00
# Visual Studio Version 17
VisualStudioVersion = 17.7.34221.43
MinimumVisualStudioVersion = 10.0.40219.1
Project("{8BC9CEB8-8B4A-11D0-8D11-00A0C91BC942}") = "Queue", "Queue\Queue.vcxproj", "{1BDD2B29-4851-4499-A5CC-37AF1E7FE53C}"
EndProject
Global
	GlobalSection(SolutionConfigurationPlatforms) = preSolution
		Debug|x64 = Debug|x64
		Debug|x86 = Debug|x86
		Release|x64 = Release|x64
		Release|x86 = Release|x86
	EndGlobalSection
	GlobalSection(ProjectConfigurationPlatforms) = postSolution
		{1BDD2B29-4851-4499-A5CC-37AF1E7FE53C}.Debug|x64.ActiveCfg = Debug|x64
		{1BDD2B29-4851-4499-A5CC-37AF1E7FE53C}.Debug|x64.Build.0 = Debug|x64
		{1BDD2B29-4851-4499-A5CC-37AF1E7FE53C}.Debug|x86.ActiveCfg = Debug|Win32
		{1BDD2B29-4851-4499-A5CC-37AF1E7FE53C}.Debug|x86.Build.0 = Debug|Win32
		{1BDD2B29-4851-4499-A5CC-37AF1E7FE53C}.Release|x64.ActiveCfg = Release|x64
		{1BDD2B29-4851-4499-A5CC-37AF1E7FE53C}.Release|x64.Build.0 = Release|x64
		{1BDD2B29-4851-4499-A5CC-37AF1E7FE53C}.Release|x86.ActiveCfg = Release|Win32
		{1BDD2B29-4851-4499-A5CC-37AF1E7FE53C}.Release|x86.Build.0 = Release|Win32
	EndGlobalSection
	GlobalSection(SolutionProperties) = preSolution
		HideSolutionNode = FALSE
	EndGlobalSection
	GlobalSection(ExtensibilityGlobals) = postSolution
		SolutionGuid = {62B49BF8-BF75-4A2F-9CDA-8A2235BDE910}
	EndGlobalSection
EndGlobal
